// !$*UTF8*$!
{
	archiveVersion = 1;
	classes = {
	};
	objectVersion = 46;
	objects = {

/* Begin PBXBuildFile section */
		4217B3591AE3A169000FA69B /* ROLAnswer.swift in Sources */ = {isa = PBXBuildFile; fileRef = 4217B3581AE3A169000FA69B /* ROLAnswer.swift */; };
		421A3B991ADB61AB00F9A4A8 /* ROLMeProfileCell.swift in Sources */ = {isa = PBXBuildFile; fileRef = 421A3B971ADB61AB00F9A4A8 /* ROLMeProfileCell.swift */; };
		421A3B9A1ADB61AB00F9A4A8 /* ROLMeProfileCell.xib in Resources */ = {isa = PBXBuildFile; fileRef = 421A3B981ADB61AB00F9A4A8 /* ROLMeProfileCell.xib */; };
		421AF7931AE615BD003B7AB7 /* ROLRegisterController.swift in Sources */ = {isa = PBXBuildFile; fileRef = 421AF7921AE615BD003B7AB7 /* ROLRegisterController.swift */; };
		421AF7981AE62253003B7AB7 /* SEProgressHUD.bundle in Resources */ = {isa = PBXBuildFile; fileRef = 421AF7951AE62253003B7AB7 /* SEProgressHUD.bundle */; };
		421AF7991AE62253003B7AB7 /* SEProgressHUDTool.m in Sources */ = {isa = PBXBuildFile; fileRef = 421AF7971AE62253003B7AB7 /* SEProgressHUDTool.m */; };
		421AF79E1AE62E27003B7AB7 /* ROLMineController.swift in Sources */ = {isa = PBXBuildFile; fileRef = 421AF79D1AE62E27003B7AB7 /* ROLMineController.swift */; };
		4223289E1AD8BDDF0008EB80 /* AppDelegate.swift in Sources */ = {isa = PBXBuildFile; fileRef = 4223289D1AD8BDDF0008EB80 /* AppDelegate.swift */; };
		422328A31AD8BDDF0008EB80 /* Main.storyboard in Resources */ = {isa = PBXBuildFile; fileRef = 422328A11AD8BDDF0008EB80 /* Main.storyboard */; };
		422328A51AD8BDDF0008EB80 /* Images.xcassets in Resources */ = {isa = PBXBuildFile; fileRef = 422328A41AD8BDDF0008EB80 /* Images.xcassets */; };
		422328A81AD8BDDF0008EB80 /* LaunchScreen.xib in Resources */ = {isa = PBXBuildFile; fileRef = 422328A61AD8BDDF0008EB80 /* LaunchScreen.xib */; };
		422328B41AD8BDDF0008EB80 /* ResearchOLTests.swift in Sources */ = {isa = PBXBuildFile; fileRef = 422328B31AD8BDDF0008EB80 /* ResearchOLTests.swift */; };
		422586B61ADA2D6B009EC220 /* SECommon.swift in Sources */ = {isa = PBXBuildFile; fileRef = 422586B51ADA2D6B009EC220 /* SECommon.swift */; };
		422586BE1ADA9BE5009EC220 /* ROLMoreController.swift in Sources */ = {isa = PBXBuildFile; fileRef = 422586BD1ADA9BE5009EC220 /* ROLMoreController.swift */; };
		42826F811B044F1A00DB8491 /* SESideMenu.m in Sources */ = {isa = PBXBuildFile; fileRef = 42826F7B1B044F1A00DB8491 /* SESideMenu.m */; };
		42826F821B044F1A00DB8491 /* SESideMenuSection.m in Sources */ = {isa = PBXBuildFile; fileRef = 42826F7E1B044F1A00DB8491 /* SESideMenuSection.m */; };
		42826F831B044F1A00DB8491 /* SESideMenuSectionCell.m in Sources */ = {isa = PBXBuildFile; fileRef = 42826F801B044F1A00DB8491 /* SESideMenuSectionCell.m */; };
		42826F9E1B044F5500DB8491 /* Colours.m in Sources */ = {isa = PBXBuildFile; fileRef = 42826F861B044F5500DB8491 /* Colours.m */; };
		42826F9F1B044F5500DB8491 /* NSArray+SELog.m in Sources */ = {isa = PBXBuildFile; fileRef = 42826F881B044F5500DB8491 /* NSArray+SELog.m */; };
		42826FA01B044F5500DB8491 /* NSString+Hash.m in Sources */ = {isa = PBXBuildFile; fileRef = 42826F8A1B044F5500DB8491 /* NSString+Hash.m */; };
		42826FA11B044F5500DB8491 /* NSString+SE.m in Sources */ = {isa = PBXBuildFile; fileRef = 42826F8C1B044F5500DB8491 /* NSString+SE.m */; };
		42826FA21B044F5500DB8491 /* ScrollViewFrameAccessor.m in Sources */ = {isa = PBXBuildFile; fileRef = 42826F8E1B044F5500DB8491 /* ScrollViewFrameAccessor.m */; };
		42826FA31B044F5500DB8491 /* UIBarButtonItem+SE.m in Sources */ = {isa = PBXBuildFile; fileRef = 42826F911B044F5500DB8491 /* UIBarButtonItem+SE.m */; };
		42826FA41B044F5500DB8491 /* UIButton+SE.m in Sources */ = {isa = PBXBuildFile; fileRef = 42826F931B044F5500DB8491 /* UIButton+SE.m */; };
		42826FA51B044F5500DB8491 /* UIColor+SE.m in Sources */ = {isa = PBXBuildFile; fileRef = 42826F951B044F5500DB8491 /* UIColor+SE.m */; };
		42826FA61B044F5500DB8491 /* UIImage+SE.m in Sources */ = {isa = PBXBuildFile; fileRef = 42826F971B044F5500DB8491 /* UIImage+SE.m */; };
		42826FA71B044F5500DB8491 /* UIScreen+SE.m in Sources */ = {isa = PBXBuildFile; fileRef = 42826F991B044F5500DB8491 /* UIScreen+SE.m */; };
		42826FA81B044F5500DB8491 /* UITextField+SE.m in Sources */ = {isa = PBXBuildFile; fileRef = 42826F9B1B044F5500DB8491 /* UITextField+SE.m */; };
		42826FA91B044F5500DB8491 /* UIView+SE.m in Sources */ = {isa = PBXBuildFile; fileRef = 42826F9D1B044F5500DB8491 /* UIView+SE.m */; };
		42826FAC1B044FC200DB8491 /* NSDate+SE.m in Sources */ = {isa = PBXBuildFile; fileRef = 42826FAB1B044FC200DB8491 /* NSDate+SE.m */; };
		42826FB11B047F1E00DB8491 /* SESideMenu.bundle in Resources */ = {isa = PBXBuildFile; fileRef = 42826FB01B047F1E00DB8491 /* SESideMenu.bundle */; };
		429240861AD94CAE00D4F152 /* SESettingViewController.m in Sources */ = {isa = PBXBuildFile; fileRef = 429240741AD94CAE00D4F152 /* SESettingViewController.m */; };
		429240871AD94CAE00D4F152 /* imageAssets.bundle in Resources */ = {isa = PBXBuildFile; fileRef = 429240751AD94CAE00D4F152 /* imageAssets.bundle */; };
		429240881AD94CAE00D4F152 /* SESettingArrowItem.m in Sources */ = {isa = PBXBuildFile; fileRef = 429240781AD94CAE00D4F152 /* SESettingArrowItem.m */; };
		429240891AD94CAE00D4F152 /* SESettingGroup.m in Sources */ = {isa = PBXBuildFile; fileRef = 4292407A1AD94CAE00D4F152 /* SESettingGroup.m */; };
		4292408A1AD94CAE00D4F152 /* SESettingItem.m in Sources */ = {isa = PBXBuildFile; fileRef = 4292407C1AD94CAE00D4F152 /* SESettingItem.m */; };
		4292408B1AD94CAE00D4F152 /* SESettingLabelItem.m in Sources */ = {isa = PBXBuildFile; fileRef = 4292407E1AD94CAE00D4F152 /* SESettingLabelItem.m */; };
		4292408C1AD94CAE00D4F152 /* SESettingSwitchItem.m in Sources */ = {isa = PBXBuildFile; fileRef = 429240801AD94CAE00D4F152 /* SESettingSwitchItem.m */; };
		4292408D1AD94CAE00D4F152 /* SEBadgeButton.m in Sources */ = {isa = PBXBuildFile; fileRef = 429240831AD94CAE00D4F152 /* SEBadgeButton.m */; };
		4292408E1AD94CAE00D4F152 /* SESettingCell.m in Sources */ = {isa = PBXBuildFile; fileRef = 429240851AD94CAE00D4F152 /* SESettingCell.m */; };
		429240941AD94E1F00D4F152 /* ROLTabBarController.swift in Sources */ = {isa = PBXBuildFile; fileRef = 429240931AD94E1F00D4F152 /* ROLTabBarController.swift */; };
		429240961AD94E3700D4F152 /* ROLNavigationController.swift in Sources */ = {isa = PBXBuildFile; fileRef = 429240951AD94E3700D4F152 /* ROLNavigationController.swift */; };
		4292409A1AD94E8800D4F152 /* ROLMeController.swift in Sources */ = {isa = PBXBuildFile; fileRef = 429240991AD94E8800D4F152 /* ROLMeController.swift */; };
		4297CABA1AE1E7E20023AA6A /* ROLHomeDetailController.swift in Sources */ = {isa = PBXBuildFile; fileRef = 4297CAB91AE1E7E20023AA6A /* ROLHomeDetailController.swift */; };
		4297CABC1AE2003A0023AA6A /* ROLQuestionareController.swift in Sources */ = {isa = PBXBuildFile; fileRef = 4297CABB1AE2003A0023AA6A /* ROLQuestionareController.swift */; };
		4297CAC11AE22DA90023AA6A /* ROLQuestionCell.swift in Sources */ = {isa = PBXBuildFile; fileRef = 4297CABF1AE22DA90023AA6A /* ROLQuestionCell.swift */; };
		4297CAC21AE22DA90023AA6A /* ROLQuestionCell.xib in Resources */ = {isa = PBXBuildFile; fileRef = 4297CAC01AE22DA90023AA6A /* ROLQuestionCell.xib */; };
		4297CAC41AE22DE90023AA6A /* ROLCellIdentifiers.swift in Sources */ = {isa = PBXBuildFile; fileRef = 4297CAC31AE22DE90023AA6A /* ROLCellIdentifiers.swift */; };
		4297CAC61AE241F70023AA6A /* ROLQuestion.swift in Sources */ = {isa = PBXBuildFile; fileRef = 4297CAC51AE241F70023AA6A /* ROLQuestion.swift */; };
		42B7812B1AE4D78C0095DED5 /* ROLUserInfoManager.swift in Sources */ = {isa = PBXBuildFile; fileRef = 42B7812A1AE4D78C0095DED5 /* ROLUserInfoManager.swift */; };
		42B7812E1AE4DB2E0095DED5 /* ROLNeedToLoginCell.swift in Sources */ = {isa = PBXBuildFile; fileRef = 42B7812C1AE4DB2E0095DED5 /* ROLNeedToLoginCell.swift */; };
		42B7812F1AE4DB2E0095DED5 /* ROLNeedToLoginCell.xib in Resources */ = {isa = PBXBuildFile; fileRef = 42B7812D1AE4DB2E0095DED5 /* ROLNeedToLoginCell.xib */; };
		42B781321AE4E35F0095DED5 /* Login.storyboard in Resources */ = {isa = PBXBuildFile; fileRef = 42B781311AE4E35F0095DED5 /* Login.storyboard */; };
		42B781351AE4E8820095DED5 /* ROLLoginController.swift in Sources */ = {isa = PBXBuildFile; fileRef = 42B781341AE4E8820095DED5 /* ROLLoginController.swift */; };
		42B781381AE4F57D0095DED5 /* ROLStringTool.swift in Sources */ = {isa = PBXBuildFile; fileRef = 42B781371AE4F57D0095DED5 /* ROLStringTool.swift */; };
		42B7A9101ADF2FB2001B4D25 /* ROLHomeController.swift in Sources */ = {isa = PBXBuildFile; fileRef = 42B7A90F1ADF2FB2001B4D25 /* ROLHomeController.swift */; };
		42B7A9141ADF3060001B4D25 /* ROLHomeCell.swift in Sources */ = {isa = PBXBuildFile; fileRef = 42B7A9121ADF3060001B4D25 /* ROLHomeCell.swift */; };
		42B7A9151ADF3060001B4D25 /* ROLHomeCell.xib in Resources */ = {isa = PBXBuildFile; fileRef = 42B7A9131ADF3060001B4D25 /* ROLHomeCell.xib */; };
		42B7A9181ADF850A001B4D25 /* ROLQuestionare.swift in Sources */ = {isa = PBXBuildFile; fileRef = 42B7A9171ADF850A001B4D25 /* ROLQuestionare.swift */; };
		42B7A91C1ADFA8FF001B4D25 /* ROLQuestionManager.swift in Sources */ = {isa = PBXBuildFile; fileRef = 42B7A91B1ADFA8FF001B4D25 /* ROLQuestionManager.swift */; };
		42FCF7B01ADC031E00E18089 /* ROLProfileDetailController.swift in Sources */ = {isa = PBXBuildFile; fileRef = 42FCF7AF1ADC031E00E18089 /* ROLProfileDetailController.swift */; };
		B33807CA89C783509B0C09C5 /* libPods.a in Frameworks */ = {isa = PBXBuildFile; fileRef = 8FA674857E60A402C73A426A /* libPods.a */; };
/* End PBXBuildFile section */

/* Begin PBXContainerItemProxy section */
		422328AE1AD8BDDF0008EB80 /* PBXContainerItemProxy */ = {
			isa = PBXContainerItemProxy;
			containerPortal = 422328901AD8BDDF0008EB80 /* Project object */;
			proxyType = 1;
			remoteGlobalIDString = 422328971AD8BDDF0008EB80;
			remoteInfo = ResearchOL;
		};
/* End PBXContainerItemProxy section */

/* Begin PBXFileReference section */
		4217B3581AE3A169000FA69B /* ROLAnswer.swift */ = {isa = PBXFileReference; fileEncoding = 4; lastKnownFileType = sourcecode.swift; path = ROLAnswer.swift; sourceTree = "<group>"; };
		421A3B971ADB61AB00F9A4A8 /* ROLMeProfileCell.swift */ = {isa = PBXFileReference; fileEncoding = 4; lastKnownFileType = sourcecode.swift; path = ROLMeProfileCell.swift; sourceTree = "<group>"; };
		421A3B981ADB61AB00F9A4A8 /* ROLMeProfileCell.xib */ = {isa = PBXFileReference; fileEncoding = 4; lastKnownFileType = file.xib; path = ROLMeProfileCell.xib; sourceTree = "<group>"; };
		421AF7921AE615BD003B7AB7 /* ROLRegisterController.swift */ = {isa = PBXFileReference; fileEncoding = 4; lastKnownFileType = sourcecode.swift; path = ROLRegisterController.swift; sourceTree = "<group>"; };
		421AF7951AE62253003B7AB7 /* SEProgressHUD.bundle */ = {isa = PBXFileReference; lastKnownFileType = "wrapper.plug-in"; path = SEProgressHUD.bundle; sourceTree = "<group>"; };
		421AF7961AE62253003B7AB7 /* SEProgressHUDTool.h */ = {isa = PBXFileReference; fileEncoding = 4; lastKnownFileType = sourcecode.c.h; path = SEProgressHUDTool.h; sourceTree = "<group>"; };
		421AF7971AE62253003B7AB7 /* SEProgressHUDTool.m */ = {isa = PBXFileReference; fileEncoding = 4; lastKnownFileType = sourcecode.c.objc; path = SEProgressHUDTool.m; sourceTree = "<group>"; };
		421AF79D1AE62E27003B7AB7 /* ROLMineController.swift */ = {isa = PBXFileReference; fileEncoding = 4; lastKnownFileType = sourcecode.swift; path = ROLMineController.swift; sourceTree = "<group>"; };
		422328981AD8BDDF0008EB80 /* ResearchOL.app */ = {isa = PBXFileReference; explicitFileType = wrapper.application; includeInIndex = 0; path = ResearchOL.app; sourceTree = BUILT_PRODUCTS_DIR; };
		4223289C1AD8BDDF0008EB80 /* Info.plist */ = {isa = PBXFileReference; lastKnownFileType = text.plist.xml; path = Info.plist; sourceTree = "<group>"; };
		4223289D1AD8BDDF0008EB80 /* AppDelegate.swift */ = {isa = PBXFileReference; lastKnownFileType = sourcecode.swift; path = AppDelegate.swift; sourceTree = "<group>"; };
		422328A21AD8BDDF0008EB80 /* Base */ = {isa = PBXFileReference; lastKnownFileType = file.storyboard; name = Base; path = Base.lproj/Main.storyboard; sourceTree = "<group>"; };
		422328A41AD8BDDF0008EB80 /* Images.xcassets */ = {isa = PBXFileReference; lastKnownFileType = folder.assetcatalog; path = Images.xcassets; sourceTree = "<group>"; };
		422328A71AD8BDDF0008EB80 /* Base */ = {isa = PBXFileReference; lastKnownFileType = file.xib; name = Base; path = Base.lproj/LaunchScreen.xib; sourceTree = "<group>"; };
		422328AD1AD8BDDF0008EB80 /* ResearchOLTests.xctest */ = {isa = PBXFileReference; explicitFileType = wrapper.cfbundle; includeInIndex = 0; path = ResearchOLTests.xctest; sourceTree = BUILT_PRODUCTS_DIR; };
		422328B21AD8BDDF0008EB80 /* Info.plist */ = {isa = PBXFileReference; lastKnownFileType = text.plist.xml; path = Info.plist; sourceTree = "<group>"; };
		422328B31AD8BDDF0008EB80 /* ResearchOLTests.swift */ = {isa = PBXFileReference; lastKnownFileType = sourcecode.swift; path = ResearchOLTests.swift; sourceTree = "<group>"; };
		422586B51ADA2D6B009EC220 /* SECommon.swift */ = {isa = PBXFileReference; fileEncoding = 4; lastKnownFileType = sourcecode.swift; name = SECommon.swift; path = ../SECommon.swift; sourceTree = "<group>"; };
		422586BD1ADA9BE5009EC220 /* ROLMoreController.swift */ = {isa = PBXFileReference; fileEncoding = 4; lastKnownFileType = sourcecode.swift; path = ROLMoreController.swift; sourceTree = "<group>"; };
		42826F7A1B044F1A00DB8491 /* SESideMenu.h */ = {isa = PBXFileReference; fileEncoding = 4; lastKnownFileType = sourcecode.c.h; path = SESideMenu.h; sourceTree = "<group>"; };
		42826F7B1B044F1A00DB8491 /* SESideMenu.m */ = {isa = PBXFileReference; fileEncoding = 4; lastKnownFileType = sourcecode.c.objc; path = SESideMenu.m; sourceTree = "<group>"; };
		42826F7C1B044F1A00DB8491 /* SESideMenuCommon.h */ = {isa = PBXFileReference; fileEncoding = 4; lastKnownFileType = sourcecode.c.h; path = SESideMenuCommon.h; sourceTree = "<group>"; };
		42826F7D1B044F1A00DB8491 /* SESideMenuSection.h */ = {isa = PBXFileReference; fileEncoding = 4; lastKnownFileType = sourcecode.c.h; path = SESideMenuSection.h; sourceTree = "<group>"; };
		42826F7E1B044F1A00DB8491 /* SESideMenuSection.m */ = {isa = PBXFileReference; fileEncoding = 4; lastKnownFileType = sourcecode.c.objc; path = SESideMenuSection.m; sourceTree = "<group>"; };
		42826F7F1B044F1A00DB8491 /* SESideMenuSectionCell.h */ = {isa = PBXFileReference; fileEncoding = 4; lastKnownFileType = sourcecode.c.h; path = SESideMenuSectionCell.h; sourceTree = "<group>"; };
		42826F801B044F1A00DB8491 /* SESideMenuSectionCell.m */ = {isa = PBXFileReference; fileEncoding = 4; lastKnownFileType = sourcecode.c.objc; path = SESideMenuSectionCell.m; sourceTree = "<group>"; };
		42826F851B044F5500DB8491 /* Colours.h */ = {isa = PBXFileReference; fileEncoding = 4; lastKnownFileType = sourcecode.c.h; path = Colours.h; sourceTree = "<group>"; };
		42826F861B044F5500DB8491 /* Colours.m */ = {isa = PBXFileReference; fileEncoding = 4; lastKnownFileType = sourcecode.c.objc; path = Colours.m; sourceTree = "<group>"; };
		42826F871B044F5500DB8491 /* NSArray+SELog.h */ = {isa = PBXFileReference; fileEncoding = 4; lastKnownFileType = sourcecode.c.h; path = "NSArray+SELog.h"; sourceTree = "<group>"; };
		42826F881B044F5500DB8491 /* NSArray+SELog.m */ = {isa = PBXFileReference; fileEncoding = 4; lastKnownFileType = sourcecode.c.objc; path = "NSArray+SELog.m"; sourceTree = "<group>"; };
		42826F891B044F5500DB8491 /* NSString+Hash.h */ = {isa = PBXFileReference; fileEncoding = 4; lastKnownFileType = sourcecode.c.h; path = "NSString+Hash.h"; sourceTree = "<group>"; };
		42826F8A1B044F5500DB8491 /* NSString+Hash.m */ = {isa = PBXFileReference; fileEncoding = 4; lastKnownFileType = sourcecode.c.objc; path = "NSString+Hash.m"; sourceTree = "<group>"; };
		42826F8B1B044F5500DB8491 /* NSString+SE.h */ = {isa = PBXFileReference; fileEncoding = 4; lastKnownFileType = sourcecode.c.h; path = "NSString+SE.h"; sourceTree = "<group>"; };
		42826F8C1B044F5500DB8491 /* NSString+SE.m */ = {isa = PBXFileReference; fileEncoding = 4; lastKnownFileType = sourcecode.c.objc; path = "NSString+SE.m"; sourceTree = "<group>"; };
		42826F8D1B044F5500DB8491 /* ScrollViewFrameAccessor.h */ = {isa = PBXFileReference; fileEncoding = 4; lastKnownFileType = sourcecode.c.h; path = ScrollViewFrameAccessor.h; sourceTree = "<group>"; };
		42826F8E1B044F5500DB8491 /* ScrollViewFrameAccessor.m */ = {isa = PBXFileReference; fileEncoding = 4; lastKnownFileType = sourcecode.c.objc; path = ScrollViewFrameAccessor.m; sourceTree = "<group>"; };
		42826F8F1B044F5500DB8491 /* SECategory.h */ = {isa = PBXFileReference; fileEncoding = 4; lastKnownFileType = sourcecode.c.h; path = SECategory.h; sourceTree = "<group>"; };
		42826F901B044F5500DB8491 /* UIBarButtonItem+SE.h */ = {isa = PBXFileReference; fileEncoding = 4; lastKnownFileType = sourcecode.c.h; path = "UIBarButtonItem+SE.h"; sourceTree = "<group>"; };
		42826F911B044F5500DB8491 /* UIBarButtonItem+SE.m */ = {isa = PBXFileReference; fileEncoding = 4; lastKnownFileType = sourcecode.c.objc; path = "UIBarButtonItem+SE.m"; sourceTree = "<group>"; };
		42826F921B044F5500DB8491 /* UIButton+SE.h */ = {isa = PBXFileReference; fileEncoding = 4; lastKnownFileType = sourcecode.c.h; path = "UIButton+SE.h"; sourceTree = "<group>"; };
		42826F931B044F5500DB8491 /* UIButton+SE.m */ = {isa = PBXFileReference; fileEncoding = 4; lastKnownFileType = sourcecode.c.objc; path = "UIButton+SE.m"; sourceTree = "<group>"; };
		42826F941B044F5500DB8491 /* UIColor+SE.h */ = {isa = PBXFileReference; fileEncoding = 4; lastKnownFileType = sourcecode.c.h; path = "UIColor+SE.h"; sourceTree = "<group>"; };
		42826F951B044F5500DB8491 /* UIColor+SE.m */ = {isa = PBXFileReference; fileEncoding = 4; lastKnownFileType = sourcecode.c.objc; path = "UIColor+SE.m"; sourceTree = "<group>"; };
		42826F961B044F5500DB8491 /* UIImage+SE.h */ = {isa = PBXFileReference; fileEncoding = 4; lastKnownFileType = sourcecode.c.h; path = "UIImage+SE.h"; sourceTree = "<group>"; };
		42826F971B044F5500DB8491 /* UIImage+SE.m */ = {isa = PBXFileReference; fileEncoding = 4; lastKnownFileType = sourcecode.c.objc; path = "UIImage+SE.m"; sourceTree = "<group>"; };
		42826F981B044F5500DB8491 /* UIScreen+SE.h */ = {isa = PBXFileReference; fileEncoding = 4; lastKnownFileType = sourcecode.c.h; path = "UIScreen+SE.h"; sourceTree = "<group>"; };
		42826F991B044F5500DB8491 /* UIScreen+SE.m */ = {isa = PBXFileReference; fileEncoding = 4; lastKnownFileType = sourcecode.c.objc; path = "UIScreen+SE.m"; sourceTree = "<group>"; };
		42826F9A1B044F5500DB8491 /* UITextField+SE.h */ = {isa = PBXFileReference; fileEncoding = 4; lastKnownFileType = sourcecode.c.h; path = "UITextField+SE.h"; sourceTree = "<group>"; };
		42826F9B1B044F5500DB8491 /* UITextField+SE.m */ = {isa = PBXFileReference; fileEncoding = 4; lastKnownFileType = sourcecode.c.objc; path = "UITextField+SE.m"; sourceTree = "<group>"; };
		42826F9C1B044F5500DB8491 /* UIView+SE.h */ = {isa = PBXFileReference; fileEncoding = 4; lastKnownFileType = sourcecode.c.h; path = "UIView+SE.h"; sourceTree = "<group>"; };
		42826F9D1B044F5500DB8491 /* UIView+SE.m */ = {isa = PBXFileReference; fileEncoding = 4; lastKnownFileType = sourcecode.c.objc; path = "UIView+SE.m"; sourceTree = "<group>"; };
		42826FAA1B044FC200DB8491 /* NSDate+SE.h */ = {isa = PBXFileReference; fileEncoding = 4; lastKnownFileType = sourcecode.c.h; path = "NSDate+SE.h"; sourceTree = "<group>"; };
		42826FAB1B044FC200DB8491 /* NSDate+SE.m */ = {isa = PBXFileReference; fileEncoding = 4; lastKnownFileType = sourcecode.c.objc; path = "NSDate+SE.m"; sourceTree = "<group>"; };
		42826FB01B047F1E00DB8491 /* SESideMenu.bundle */ = {isa = PBXFileReference; lastKnownFileType = "wrapper.plug-in"; path = SESideMenu.bundle; sourceTree = "<group>"; };
		4292404B1AD94B7100D4F152 /* ResearchOL-Bridging-Header.h */ = {isa = PBXFileReference; fileEncoding = 4; lastKnownFileType = sourcecode.c.h; path = "ResearchOL-Bridging-Header.h"; sourceTree = "<group>"; };
		429240731AD94CAE00D4F152 /* SESettingViewController.h */ = {isa = PBXFileReference; fileEncoding = 4; lastKnownFileType = sourcecode.c.h; path = SESettingViewController.h; sourceTree = "<group>"; };
		429240741AD94CAE00D4F152 /* SESettingViewController.m */ = {isa = PBXFileReference; fileEncoding = 4; lastKnownFileType = sourcecode.c.objc; path = SESettingViewController.m; sourceTree = "<group>"; };
		429240751AD94CAE00D4F152 /* imageAssets.bundle */ = {isa = PBXFileReference; lastKnownFileType = "wrapper.plug-in"; path = imageAssets.bundle; sourceTree = "<group>"; };
		429240771AD94CAE00D4F152 /* SESettingArrowItem.h */ = {isa = PBXFileReference; fileEncoding = 4; lastKnownFileType = sourcecode.c.h; path = SESettingArrowItem.h; sourceTree = "<group>"; };
		429240781AD94CAE00D4F152 /* SESettingArrowItem.m */ = {isa = PBXFileReference; fileEncoding = 4; lastKnownFileType = sourcecode.c.objc; path = SESettingArrowItem.m; sourceTree = "<group>"; };
		429240791AD94CAE00D4F152 /* SESettingGroup.h */ = {isa = PBXFileReference; fileEncoding = 4; lastKnownFileType = sourcecode.c.h; path = SESettingGroup.h; sourceTree = "<group>"; };
		4292407A1AD94CAE00D4F152 /* SESettingGroup.m */ = {isa = PBXFileReference; fileEncoding = 4; lastKnownFileType = sourcecode.c.objc; path = SESettingGroup.m; sourceTree = "<group>"; };
		4292407B1AD94CAE00D4F152 /* SESettingItem.h */ = {isa = PBXFileReference; fileEncoding = 4; lastKnownFileType = sourcecode.c.h; path = SESettingItem.h; sourceTree = "<group>"; };
		4292407C1AD94CAE00D4F152 /* SESettingItem.m */ = {isa = PBXFileReference; fileEncoding = 4; lastKnownFileType = sourcecode.c.objc; path = SESettingItem.m; sourceTree = "<group>"; };
		4292407D1AD94CAE00D4F152 /* SESettingLabelItem.h */ = {isa = PBXFileReference; fileEncoding = 4; lastKnownFileType = sourcecode.c.h; path = SESettingLabelItem.h; sourceTree = "<group>"; };
		4292407E1AD94CAE00D4F152 /* SESettingLabelItem.m */ = {isa = PBXFileReference; fileEncoding = 4; lastKnownFileType = sourcecode.c.objc; path = SESettingLabelItem.m; sourceTree = "<group>"; };
		4292407F1AD94CAE00D4F152 /* SESettingSwitchItem.h */ = {isa = PBXFileReference; fileEncoding = 4; lastKnownFileType = sourcecode.c.h; path = SESettingSwitchItem.h; sourceTree = "<group>"; };
		429240801AD94CAE00D4F152 /* SESettingSwitchItem.m */ = {isa = PBXFileReference; fileEncoding = 4; lastKnownFileType = sourcecode.c.objc; path = SESettingSwitchItem.m; sourceTree = "<group>"; };
		429240821AD94CAE00D4F152 /* SEBadgeButton.h */ = {isa = PBXFileReference; fileEncoding = 4; lastKnownFileType = sourcecode.c.h; path = SEBadgeButton.h; sourceTree = "<group>"; };
		429240831AD94CAE00D4F152 /* SEBadgeButton.m */ = {isa = PBXFileReference; fileEncoding = 4; lastKnownFileType = sourcecode.c.objc; path = SEBadgeButton.m; sourceTree = "<group>"; };
		429240841AD94CAE00D4F152 /* SESettingCell.h */ = {isa = PBXFileReference; fileEncoding = 4; lastKnownFileType = sourcecode.c.h; path = SESettingCell.h; sourceTree = "<group>"; };
		429240851AD94CAE00D4F152 /* SESettingCell.m */ = {isa = PBXFileReference; fileEncoding = 4; lastKnownFileType = sourcecode.c.objc; path = SESettingCell.m; sourceTree = "<group>"; };
		4292408F1AD94D4100D4F152 /* SESettings.h */ = {isa = PBXFileReference; fileEncoding = 4; lastKnownFileType = sourcecode.c.h; path = SESettings.h; sourceTree = "<group>"; };
		429240901AD94D8900D4F152 /* SECommon.h */ = {isa = PBXFileReference; fileEncoding = 4; lastKnownFileType = sourcecode.c.h; path = SECommon.h; sourceTree = "<group>"; };
		429240931AD94E1F00D4F152 /* ROLTabBarController.swift */ = {isa = PBXFileReference; fileEncoding = 4; lastKnownFileType = sourcecode.swift; path = ROLTabBarController.swift; sourceTree = "<group>"; };
		429240951AD94E3700D4F152 /* ROLNavigationController.swift */ = {isa = PBXFileReference; fileEncoding = 4; lastKnownFileType = sourcecode.swift; path = ROLNavigationController.swift; sourceTree = "<group>"; };
		429240991AD94E8800D4F152 /* ROLMeController.swift */ = {isa = PBXFileReference; fileEncoding = 4; lastKnownFileType = sourcecode.swift; path = ROLMeController.swift; sourceTree = "<group>"; };
		4297CAB91AE1E7E20023AA6A /* ROLHomeDetailController.swift */ = {isa = PBXFileReference; fileEncoding = 4; lastKnownFileType = sourcecode.swift; path = ROLHomeDetailController.swift; sourceTree = "<group>"; };
		4297CABB1AE2003A0023AA6A /* ROLQuestionareController.swift */ = {isa = PBXFileReference; fileEncoding = 4; lastKnownFileType = sourcecode.swift; path = ROLQuestionareController.swift; sourceTree = "<group>"; };
		4297CABF1AE22DA90023AA6A /* ROLQuestionCell.swift */ = {isa = PBXFileReference; fileEncoding = 4; lastKnownFileType = sourcecode.swift; path = ROLQuestionCell.swift; sourceTree = "<group>"; };
		4297CAC01AE22DA90023AA6A /* ROLQuestionCell.xib */ = {isa = PBXFileReference; fileEncoding = 4; lastKnownFileType = file.xib; path = ROLQuestionCell.xib; sourceTree = "<group>"; };
		4297CAC31AE22DE90023AA6A /* ROLCellIdentifiers.swift */ = {isa = PBXFileReference; fileEncoding = 4; lastKnownFileType = sourcecode.swift; path = ROLCellIdentifiers.swift; sourceTree = "<group>"; };
		4297CAC51AE241F70023AA6A /* ROLQuestion.swift */ = {isa = PBXFileReference; fileEncoding = 4; lastKnownFileType = sourcecode.swift; path = ROLQuestion.swift; sourceTree = "<group>"; };
		42B7812A1AE4D78C0095DED5 /* ROLUserInfoManager.swift */ = {isa = PBXFileReference; fileEncoding = 4; lastKnownFileType = sourcecode.swift; path = ROLUserInfoManager.swift; sourceTree = "<group>"; };
		42B7812C1AE4DB2E0095DED5 /* ROLNeedToLoginCell.swift */ = {isa = PBXFileReference; fileEncoding = 4; lastKnownFileType = sourcecode.swift; path = ROLNeedToLoginCell.swift; sourceTree = "<group>"; };
		42B7812D1AE4DB2E0095DED5 /* ROLNeedToLoginCell.xib */ = {isa = PBXFileReference; fileEncoding = 4; lastKnownFileType = file.xib; path = ROLNeedToLoginCell.xib; sourceTree = "<group>"; };
		42B781311AE4E35F0095DED5 /* Login.storyboard */ = {isa = PBXFileReference; fileEncoding = 4; lastKnownFileType = file.storyboard; path = Login.storyboard; sourceTree = "<group>"; };
		42B781341AE4E8820095DED5 /* ROLLoginController.swift */ = {isa = PBXFileReference; fileEncoding = 4; lastKnownFileType = sourcecode.swift; path = ROLLoginController.swift; sourceTree = "<group>"; };
		42B781371AE4F57D0095DED5 /* ROLStringTool.swift */ = {isa = PBXFileReference; fileEncoding = 4; lastKnownFileType = sourcecode.swift; path = ROLStringTool.swift; sourceTree = "<group>"; };
		42B7A90F1ADF2FB2001B4D25 /* ROLHomeController.swift */ = {isa = PBXFileReference; fileEncoding = 4; lastKnownFileType = sourcecode.swift; path = ROLHomeController.swift; sourceTree = "<group>"; };
		42B7A9121ADF3060001B4D25 /* ROLHomeCell.swift */ = {isa = PBXFileReference; fileEncoding = 4; lastKnownFileType = sourcecode.swift; path = ROLHomeCell.swift; sourceTree = "<group>"; };
		42B7A9131ADF3060001B4D25 /* ROLHomeCell.xib */ = {isa = PBXFileReference; fileEncoding = 4; lastKnownFileType = file.xib; path = ROLHomeCell.xib; sourceTree = "<group>"; };
		42B7A9171ADF850A001B4D25 /* ROLQuestionare.swift */ = {isa = PBXFileReference; fileEncoding = 4; lastKnownFileType = sourcecode.swift; path = ROLQuestionare.swift; sourceTree = "<group>"; };
		42B7A91B1ADFA8FF001B4D25 /* ROLQuestionManager.swift */ = {isa = PBXFileReference; fileEncoding = 4; lastKnownFileType = sourcecode.swift; path = ROLQuestionManager.swift; sourceTree = "<group>"; };
		42FCF7AF1ADC031E00E18089 /* ROLProfileDetailController.swift */ = {isa = PBXFileReference; fileEncoding = 4; lastKnownFileType = sourcecode.swift; path = ROLProfileDetailController.swift; sourceTree = "<group>"; };
		64718FA09A66E54D503A24E2 /* Pods.release.xcconfig */ = {isa = PBXFileReference; includeInIndex = 1; lastKnownFileType = text.xcconfig; name = Pods.release.xcconfig; path = "Pods/Target Support Files/Pods/Pods.release.xcconfig"; sourceTree = "<group>"; };
		8FA674857E60A402C73A426A /* libPods.a */ = {isa = PBXFileReference; explicitFileType = archive.ar; includeInIndex = 0; path = libPods.a; sourceTree = BUILT_PRODUCTS_DIR; };
		E312773B3F32660CEE8D6BFB /* Pods.debug.xcconfig */ = {isa = PBXFileReference; includeInIndex = 1; lastKnownFileType = text.xcconfig; name = Pods.debug.xcconfig; path = "Pods/Target Support Files/Pods/Pods.debug.xcconfig"; sourceTree = "<group>"; };
/* End PBXFileReference section */

/* Begin PBXFrameworksBuildPhase section */
		422328951AD8BDDF0008EB80 /* Frameworks */ = {
			isa = PBXFrameworksBuildPhase;
			buildActionMask = 2147483647;
			files = (
				B33807CA89C783509B0C09C5 /* libPods.a in Frameworks */,
			);
			runOnlyForDeploymentPostprocessing = 0;
		};
		422328AA1AD8BDDF0008EB80 /* Frameworks */ = {
			isa = PBXFrameworksBuildPhase;
			buildActionMask = 2147483647;
			files = (
			);
			runOnlyForDeploymentPostprocessing = 0;
		};
/* End PBXFrameworksBuildPhase section */

/* Begin PBXGroup section */
		421A3B961ADB619400F9A4A8 /* View */ = {
			isa = PBXGroup;
			children = (
				421A3B971ADB61AB00F9A4A8 /* ROLMeProfileCell.swift */,
				421A3B981ADB61AB00F9A4A8 /* ROLMeProfileCell.xib */,
				42B7812C1AE4DB2E0095DED5 /* ROLNeedToLoginCell.swift */,
				42B7812D1AE4DB2E0095DED5 /* ROLNeedToLoginCell.xib */,
			);
			path = View;
			sourceTree = "<group>";
		};
		421AF7941AE62253003B7AB7 /* SEProgressHUD */ = {
			isa = PBXGroup;
			children = (
				421AF7951AE62253003B7AB7 /* SEProgressHUD.bundle */,
				421AF7961AE62253003B7AB7 /* SEProgressHUDTool.h */,
				421AF7971AE62253003B7AB7 /* SEProgressHUDTool.m */,
			);
			path = SEProgressHUD;
			sourceTree = "<group>";
		};
		421AF79A1AE62D55003B7AB7 /* Mine */ = {
			isa = PBXGroup;
			children = (
				421AF79B1AE62D64003B7AB7 /* Controller */,
				421AF79C1AE62D74003B7AB7 /* View */,
			);
			path = Mine;
			sourceTree = "<group>";
		};
		421AF79B1AE62D64003B7AB7 /* Controller */ = {
			isa = PBXGroup;
			children = (
				421AF79D1AE62E27003B7AB7 /* ROLMineController.swift */,
			);
			path = Controller;
			sourceTree = "<group>";
		};
		421AF79C1AE62D74003B7AB7 /* View */ = {
			isa = PBXGroup;
			children = (
			);
			path = View;
			sourceTree = "<group>";
		};
		4223288F1AD8BDDF0008EB80 = {
			isa = PBXGroup;
			children = (
				4223289A1AD8BDDF0008EB80 /* ResearchOL */,
				422328B01AD8BDDF0008EB80 /* ResearchOLTests */,
				422328991AD8BDDF0008EB80 /* Products */,
				C4BBC69DFE110647FC8EC367 /* Pods */,
				E894DD3A0AC0DFE5D68362C7 /* Frameworks */,
			);
			sourceTree = "<group>";
		};
		422328991AD8BDDF0008EB80 /* Products */ = {
			isa = PBXGroup;
			children = (
				422328981AD8BDDF0008EB80 /* ResearchOL.app */,
				422328AD1AD8BDDF0008EB80 /* ResearchOLTests.xctest */,
			);
			name = Products;
			sourceTree = "<group>";
		};
		4223289A1AD8BDDF0008EB80 /* ResearchOL */ = {
			isa = PBXGroup;
			children = (
				42E3EFA21AD8BFE40030ED16 /* Other */,
				42E3EFA11AD8BFDD0030ED16 /* Class */,
				4223289B1AD8BDDF0008EB80 /* Supporting Files */,
			);
			path = ResearchOL;
			sourceTree = "<group>";
		};
		4223289B1AD8BDDF0008EB80 /* Supporting Files */ = {
			isa = PBXGroup;
			children = (
				4292404D1AD94C7900D4F152 /* Lib */,
				4223289C1AD8BDDF0008EB80 /* Info.plist */,
				4292404B1AD94B7100D4F152 /* ResearchOL-Bridging-Header.h */,
			);
			path = "Supporting Files";
			sourceTree = "<group>";
		};
		422328B01AD8BDDF0008EB80 /* ResearchOLTests */ = {
			isa = PBXGroup;
			children = (
				422328B31AD8BDDF0008EB80 /* ResearchOLTests.swift */,
				422328B11AD8BDDF0008EB80 /* Supporting Files */,
			);
			path = ResearchOLTests;
			sourceTree = "<group>";
		};
		422328B11AD8BDDF0008EB80 /* Supporting Files */ = {
			isa = PBXGroup;
			children = (
				422328B21AD8BDDF0008EB80 /* Info.plist */,
			);
			path = "Supporting Files";
			sourceTree = "<group>";
		};
		422586BB1ADA9BB0009EC220 /* More */ = {
			isa = PBXGroup;
			children = (
				422586BC1ADA9BC2009EC220 /* Controller */,
			);
			path = More;
			sourceTree = "<group>";
		};
		422586BC1ADA9BC2009EC220 /* Controller */ = {
			isa = PBXGroup;
			children = (
				422586BD1ADA9BE5009EC220 /* ROLMoreController.swift */,
			);
			path = Controller;
			sourceTree = "<group>";
		};
		428132B91B032C320001BE9F /* View */ = {
			isa = PBXGroup;
			children = (
			);
			path = View;
			sourceTree = "<group>";
		};
		42826F791B044F1A00DB8491 /* SESideMenu */ = {
			isa = PBXGroup;
			children = (
				42826FB01B047F1E00DB8491 /* SESideMenu.bundle */,
				42826F7A1B044F1A00DB8491 /* SESideMenu.h */,
				42826F7B1B044F1A00DB8491 /* SESideMenu.m */,
				42826F7C1B044F1A00DB8491 /* SESideMenuCommon.h */,
				42826F7D1B044F1A00DB8491 /* SESideMenuSection.h */,
				42826F7E1B044F1A00DB8491 /* SESideMenuSection.m */,
				42826F7F1B044F1A00DB8491 /* SESideMenuSectionCell.h */,
				42826F801B044F1A00DB8491 /* SESideMenuSectionCell.m */,
			);
			path = SESideMenu;
			sourceTree = "<group>";
		};
		42826F841B044F5500DB8491 /* SECategory */ = {
			isa = PBXGroup;
			children = (
				42826FAA1B044FC200DB8491 /* NSDate+SE.h */,
				42826FAB1B044FC200DB8491 /* NSDate+SE.m */,
				42826F851B044F5500DB8491 /* Colours.h */,
				42826F861B044F5500DB8491 /* Colours.m */,
				42826F871B044F5500DB8491 /* NSArray+SELog.h */,
				42826F881B044F5500DB8491 /* NSArray+SELog.m */,
				42826F891B044F5500DB8491 /* NSString+Hash.h */,
				42826F8A1B044F5500DB8491 /* NSString+Hash.m */,
				42826F8B1B044F5500DB8491 /* NSString+SE.h */,
				42826F8C1B044F5500DB8491 /* NSString+SE.m */,
				42826F8D1B044F5500DB8491 /* ScrollViewFrameAccessor.h */,
				42826F8E1B044F5500DB8491 /* ScrollViewFrameAccessor.m */,
				42826F8F1B044F5500DB8491 /* SECategory.h */,
				42826F901B044F5500DB8491 /* UIBarButtonItem+SE.h */,
				42826F911B044F5500DB8491 /* UIBarButtonItem+SE.m */,
				42826F921B044F5500DB8491 /* UIButton+SE.h */,
				42826F931B044F5500DB8491 /* UIButton+SE.m */,
				42826F941B044F5500DB8491 /* UIColor+SE.h */,
				42826F951B044F5500DB8491 /* UIColor+SE.m */,
				42826F961B044F5500DB8491 /* UIImage+SE.h */,
				42826F971B044F5500DB8491 /* UIImage+SE.m */,
				42826F981B044F5500DB8491 /* UIScreen+SE.h */,
				42826F991B044F5500DB8491 /* UIScreen+SE.m */,
				42826F9A1B044F5500DB8491 /* UITextField+SE.h */,
				42826F9B1B044F5500DB8491 /* UITextField+SE.m */,
				42826F9C1B044F5500DB8491 /* UIView+SE.h */,
				42826F9D1B044F5500DB8491 /* UIView+SE.m */,
			);
			path = SECategory;
			sourceTree = "<group>";
		};
		4292404C1AD94C5D00D4F152 /* Controller */ = {
			isa = PBXGroup;
			children = (
				429240931AD94E1F00D4F152 /* ROLTabBarController.swift */,
				429240951AD94E3700D4F152 /* ROLNavigationController.swift */,
			);
			path = Controller;
			sourceTree = "<group>";
		};
		4292404D1AD94C7900D4F152 /* Lib */ = {
			isa = PBXGroup;
			children = (
				429240901AD94D8900D4F152 /* SECommon.h */,
				422586B51ADA2D6B009EC220 /* SECommon.swift */,
				42826F841B044F5500DB8491 /* SECategory */,
				42826F791B044F1A00DB8491 /* SESideMenu */,
				421AF7941AE62253003B7AB7 /* SEProgressHUD */,
				429240711AD94CAE00D4F152 /* SESettings */,
			);
			path = Lib;
			sourceTree = "<group>";
		};
		429240711AD94CAE00D4F152 /* SESettings */ = {
			isa = PBXGroup;
			children = (
				429240721AD94CAE00D4F152 /* Controller */,
				429240751AD94CAE00D4F152 /* imageAssets.bundle */,
				429240761AD94CAE00D4F152 /* Model */,
				429240811AD94CAE00D4F152 /* View */,
				4292408F1AD94D4100D4F152 /* SESettings.h */,
			);
			path = SESettings;
			sourceTree = "<group>";
		};
		429240721AD94CAE00D4F152 /* Controller */ = {
			isa = PBXGroup;
			children = (
				429240731AD94CAE00D4F152 /* SESettingViewController.h */,
				429240741AD94CAE00D4F152 /* SESettingViewController.m */,
			);
			path = Controller;
			sourceTree = "<group>";
		};
		429240761AD94CAE00D4F152 /* Model */ = {
			isa = PBXGroup;
			children = (
				429240771AD94CAE00D4F152 /* SESettingArrowItem.h */,
				429240781AD94CAE00D4F152 /* SESettingArrowItem.m */,
				429240791AD94CAE00D4F152 /* SESettingGroup.h */,
				4292407A1AD94CAE00D4F152 /* SESettingGroup.m */,
				4292407B1AD94CAE00D4F152 /* SESettingItem.h */,
				4292407C1AD94CAE00D4F152 /* SESettingItem.m */,
				4292407D1AD94CAE00D4F152 /* SESettingLabelItem.h */,
				4292407E1AD94CAE00D4F152 /* SESettingLabelItem.m */,
				4292407F1AD94CAE00D4F152 /* SESettingSwitchItem.h */,
				429240801AD94CAE00D4F152 /* SESettingSwitchItem.m */,
			);
			path = Model;
			sourceTree = "<group>";
		};
		429240811AD94CAE00D4F152 /* View */ = {
			isa = PBXGroup;
			children = (
				429240821AD94CAE00D4F152 /* SEBadgeButton.h */,
				429240831AD94CAE00D4F152 /* SEBadgeButton.m */,
				429240841AD94CAE00D4F152 /* SESettingCell.h */,
				429240851AD94CAE00D4F152 /* SESettingCell.m */,
			);
			path = View;
			sourceTree = "<group>";
		};
		429240971AD94E4700D4F152 /* Me */ = {
			isa = PBXGroup;
			children = (
				429240981AD94E5300D4F152 /* Controller */,
				421A3B961ADB619400F9A4A8 /* View */,
			);
			path = Me;
			sourceTree = "<group>";
		};
		429240981AD94E5300D4F152 /* Controller */ = {
			isa = PBXGroup;
			children = (
				429240991AD94E8800D4F152 /* ROLMeController.swift */,
				42FCF7AF1ADC031E00E18089 /* ROLProfileDetailController.swift */,
			);
			path = Controller;
			sourceTree = "<group>";
		};
		42B781291AE4D7590095DED5 /* Manager */ = {
			isa = PBXGroup;
			children = (
				42B7812A1AE4D78C0095DED5 /* ROLUserInfoManager.swift */,
			);
			path = Manager;
			sourceTree = "<group>";
		};
		42B781301AE4E3380095DED5 /* View */ = {
			isa = PBXGroup;
			children = (
				42B781311AE4E35F0095DED5 /* Login.storyboard */,
			);
			path = View;
			sourceTree = "<group>";
		};
		42B781331AE4E8610095DED5 /* Controller */ = {
			isa = PBXGroup;
			children = (
				42B781341AE4E8820095DED5 /* ROLLoginController.swift */,
				421AF7921AE615BD003B7AB7 /* ROLRegisterController.swift */,
			);
			path = Controller;
			sourceTree = "<group>";
		};
		42B781361AE4F53D0095DED5 /* Tool */ = {
			isa = PBXGroup;
			children = (
				42B781371AE4F57D0095DED5 /* ROLStringTool.swift */,
			);
			path = Tool;
			sourceTree = "<group>";
		};
		42B7A90D1ADF2F7A001B4D25 /* Home */ = {
			isa = PBXGroup;
			children = (
				42B7A91A1ADFA8DC001B4D25 /* Manager */,
				42B7A9161ADF84C3001B4D25 /* Model */,
				42B7A9111ADF3037001B4D25 /* View */,
				42B7A90E1ADF2F8C001B4D25 /* Controller */,
			);
			path = Home;
			sourceTree = "<group>";
		};
		42B7A90E1ADF2F8C001B4D25 /* Controller */ = {
			isa = PBXGroup;
			children = (
				42B7A90F1ADF2FB2001B4D25 /* ROLHomeController.swift */,
				4297CAB91AE1E7E20023AA6A /* ROLHomeDetailController.swift */,
				4297CABB1AE2003A0023AA6A /* ROLQuestionareController.swift */,
			);
			path = Controller;
			sourceTree = "<group>";
		};
		42B7A9111ADF3037001B4D25 /* View */ = {
			isa = PBXGroup;
			children = (
				42B7A9121ADF3060001B4D25 /* ROLHomeCell.swift */,
				42B7A9131ADF3060001B4D25 /* ROLHomeCell.xib */,
				4297CABF1AE22DA90023AA6A /* ROLQuestionCell.swift */,
				4297CAC01AE22DA90023AA6A /* ROLQuestionCell.xib */,
			);
			path = View;
			sourceTree = "<group>";
		};
		42B7A9161ADF84C3001B4D25 /* Model */ = {
			isa = PBXGroup;
			children = (
				42B7A9171ADF850A001B4D25 /* ROLQuestionare.swift */,
				4297CAC51AE241F70023AA6A /* ROLQuestion.swift */,
				4297CAC31AE22DE90023AA6A /* ROLCellIdentifiers.swift */,
				4217B3581AE3A169000FA69B /* ROLAnswer.swift */,
			);
			path = Model;
			sourceTree = "<group>";
		};
		42B7A9191ADF85B8001B4D25 /* Login */ = {
			isa = PBXGroup;
			children = (
				42B781331AE4E8610095DED5 /* Controller */,
				42B781301AE4E3380095DED5 /* View */,
			);
			path = Login;
			sourceTree = "<group>";
		};
		42B7A91A1ADFA8DC001B4D25 /* Manager */ = {
			isa = PBXGroup;
			children = (
				42B7A91B1ADFA8FF001B4D25 /* ROLQuestionManager.swift */,
			);
			path = Manager;
			sourceTree = "<group>";
		};
		42E3EFA11AD8BFDD0030ED16 /* Class */ = {
			isa = PBXGroup;
			children = (
				421AF79A1AE62D55003B7AB7 /* Mine */,
				42B7A9191ADF85B8001B4D25 /* Login */,
				42B7A90D1ADF2F7A001B4D25 /* Home */,
				422586BB1ADA9BB0009EC220 /* More */,
				429240971AD94E4700D4F152 /* Me */,
				42E3EFA41AD8C0000030ED16 /* Delegate */,
				42E3EFA31AD8BFFA0030ED16 /* Main */,
			);
			path = Class;
			sourceTree = "<group>";
		};
		42E3EFA21AD8BFE40030ED16 /* Other */ = {
			isa = PBXGroup;
			children = (
				422328A41AD8BDDF0008EB80 /* Images.xcassets */,
				422328A61AD8BDDF0008EB80 /* LaunchScreen.xib */,
			);
			path = Other;
			sourceTree = "<group>";
		};
		42E3EFA31AD8BFFA0030ED16 /* Main */ = {
			isa = PBXGroup;
			children = (
				428132B91B032C320001BE9F /* View */,
				42B781361AE4F53D0095DED5 /* Tool */,
				42B781291AE4D7590095DED5 /* Manager */,
				4292404C1AD94C5D00D4F152 /* Controller */,
				422328A11AD8BDDF0008EB80 /* Main.storyboard */,
			);
			path = Main;
			sourceTree = "<group>";
		};
		42E3EFA41AD8C0000030ED16 /* Delegate */ = {
			isa = PBXGroup;
			children = (
				4223289D1AD8BDDF0008EB80 /* AppDelegate.swift */,
			);
			path = Delegate;
			sourceTree = "<group>";
		};
		C4BBC69DFE110647FC8EC367 /* Pods */ = {
			isa = PBXGroup;
			children = (
				E312773B3F32660CEE8D6BFB /* Pods.debug.xcconfig */,
				64718FA09A66E54D503A24E2 /* Pods.release.xcconfig */,
			);
			name = Pods;
			sourceTree = "<group>";
		};
		E894DD3A0AC0DFE5D68362C7 /* Frameworks */ = {
			isa = PBXGroup;
			children = (
				8FA674857E60A402C73A426A /* libPods.a */,
			);
			name = Frameworks;
			sourceTree = "<group>";
		};
/* End PBXGroup section */

/* Begin PBXNativeTarget section */
		422328971AD8BDDF0008EB80 /* ResearchOL */ = {
			isa = PBXNativeTarget;
			buildConfigurationList = 422328B71AD8BDDF0008EB80 /* Build configuration list for PBXNativeTarget "ResearchOL" */;
			buildPhases = (
				315DB1489AC9D2823C0E1B24 /* Check Pods Manifest.lock */,
				422328941AD8BDDF0008EB80 /* Sources */,
				422328951AD8BDDF0008EB80 /* Frameworks */,
				422328961AD8BDDF0008EB80 /* Resources */,
				84919B8C8034640062996EB6 /* Copy Pods Resources */,
			);
			buildRules = (
			);
			dependencies = (
			);
			name = ResearchOL;
			productName = ResearchOL;
			productReference = 422328981AD8BDDF0008EB80 /* ResearchOL.app */;
			productType = "com.apple.product-type.application";
		};
		422328AC1AD8BDDF0008EB80 /* ResearchOLTests */ = {
			isa = PBXNativeTarget;
			buildConfigurationList = 422328BA1AD8BDDF0008EB80 /* Build configuration list for PBXNativeTarget "ResearchOLTests" */;
			buildPhases = (
				422328A91AD8BDDF0008EB80 /* Sources */,
				422328AA1AD8BDDF0008EB80 /* Frameworks */,
				422328AB1AD8BDDF0008EB80 /* Resources */,
			);
			buildRules = (
			);
			dependencies = (
				422328AF1AD8BDDF0008EB80 /* PBXTargetDependency */,
			);
			name = ResearchOLTests;
			productName = ResearchOLTests;
			productReference = 422328AD1AD8BDDF0008EB80 /* ResearchOLTests.xctest */;
			productType = "com.apple.product-type.bundle.unit-test";
		};
/* End PBXNativeTarget section */

/* Begin PBXProject section */
		422328901AD8BDDF0008EB80 /* Project object */ = {
			isa = PBXProject;
			attributes = {
				CLASSPREFIX = ROL;
				LastUpgradeCheck = 0620;
				ORGANIZATIONNAME = SigmaStudio;
				TargetAttributes = {
					422328971AD8BDDF0008EB80 = {
						CreatedOnToolsVersion = 6.2;
					};
					422328AC1AD8BDDF0008EB80 = {
						CreatedOnToolsVersion = 6.2;
						TestTargetID = 422328971AD8BDDF0008EB80;
					};
				};
			};
			buildConfigurationList = 422328931AD8BDDF0008EB80 /* Build configuration list for PBXProject "ResearchOL" */;
			compatibilityVersion = "Xcode 3.2";
			developmentRegion = English;
			hasScannedForEncodings = 0;
			knownRegions = (
				en,
				Base,
			);
			mainGroup = 4223288F1AD8BDDF0008EB80;
			productRefGroup = 422328991AD8BDDF0008EB80 /* Products */;
			projectDirPath = "";
			projectRoot = "";
			targets = (
				422328971AD8BDDF0008EB80 /* ResearchOL */,
				422328AC1AD8BDDF0008EB80 /* ResearchOLTests */,
			);
		};
/* End PBXProject section */

/* Begin PBXResourcesBuildPhase section */
		422328961AD8BDDF0008EB80 /* Resources */ = {
			isa = PBXResourcesBuildPhase;
			buildActionMask = 2147483647;
			files = (
				429240871AD94CAE00D4F152 /* imageAssets.bundle in Resources */,
				4297CAC21AE22DA90023AA6A /* ROLQuestionCell.xib in Resources */,
				42826FB11B047F1E00DB8491 /* SESideMenu.bundle in Resources */,
				422328A31AD8BDDF0008EB80 /* Main.storyboard in Resources */,
				422328A81AD8BDDF0008EB80 /* LaunchScreen.xib in Resources */,
				42B7812F1AE4DB2E0095DED5 /* ROLNeedToLoginCell.xib in Resources */,
				422328A51AD8BDDF0008EB80 /* Images.xcassets in Resources */,
				42B7A9151ADF3060001B4D25 /* ROLHomeCell.xib in Resources */,
				421A3B9A1ADB61AB00F9A4A8 /* ROLMeProfileCell.xib in Resources */,
				421AF7981AE62253003B7AB7 /* SEProgressHUD.bundle in Resources */,
				42B781321AE4E35F0095DED5 /* Login.storyboard in Resources */,
			);
			runOnlyForDeploymentPostprocessing = 0;
		};
		422328AB1AD8BDDF0008EB80 /* Resources */ = {
			isa = PBXResourcesBuildPhase;
			buildActionMask = 2147483647;
			files = (
			);
			runOnlyForDeploymentPostprocessing = 0;
		};
/* End PBXResourcesBuildPhase section */

/* Begin PBXShellScriptBuildPhase section */
		315DB1489AC9D2823C0E1B24 /* Check Pods Manifest.lock */ = {
			isa = PBXShellScriptBuildPhase;
			buildActionMask = 2147483647;
			files = (
			);
			inputPaths = (
			);
			name = "Check Pods Manifest.lock";
			outputPaths = (
			);
			runOnlyForDeploymentPostprocessing = 0;
			shellPath = /bin/sh;
			shellScript = "diff \"${PODS_ROOT}/../Podfile.lock\" \"${PODS_ROOT}/Manifest.lock\" > /dev/null\nif [[ $? != 0 ]] ; then\n    cat << EOM\nerror: The sandbox is not in sync with the Podfile.lock. Run 'pod install' or update your CocoaPods installation.\nEOM\n    exit 1\nfi\n";
			showEnvVarsInLog = 0;
		};
		84919B8C8034640062996EB6 /* Copy Pods Resources */ = {
			isa = PBXShellScriptBuildPhase;
			buildActionMask = 2147483647;
			files = (
			);
			inputPaths = (
			);
			name = "Copy Pods Resources";
			outputPaths = (
			);
			runOnlyForDeploymentPostprocessing = 0;
			shellPath = /bin/sh;
			shellScript = "\"${SRCROOT}/Pods/Target Support Files/Pods/Pods-resources.sh\"\n";
			showEnvVarsInLog = 0;
		};
/* End PBXShellScriptBuildPhase section */

/* Begin PBXSourcesBuildPhase section */
		422328941AD8BDDF0008EB80 /* Sources */ = {
			isa = PBXSourcesBuildPhase;
			buildActionMask = 2147483647;
			files = (
				42826FA41B044F5500DB8491 /* UIButton+SE.m in Sources */,
				421AF7991AE62253003B7AB7 /* SEProgressHUDTool.m in Sources */,
				42826FA21B044F5500DB8491 /* ScrollViewFrameAccessor.m in Sources */,
				42826FAC1B044FC200DB8491 /* NSDate+SE.m in Sources */,
				4223289E1AD8BDDF0008EB80 /* AppDelegate.swift in Sources */,
				42B7A9181ADF850A001B4D25 /* ROLQuestionare.swift in Sources */,
				4297CABA1AE1E7E20023AA6A /* ROLHomeDetailController.swift in Sources */,
				422586B61ADA2D6B009EC220 /* SECommon.swift in Sources */,
				42826FA51B044F5500DB8491 /* UIColor+SE.m in Sources */,
				421AF7931AE615BD003B7AB7 /* ROLRegisterController.swift in Sources */,
				42B7A9141ADF3060001B4D25 /* ROLHomeCell.swift in Sources */,
				42826FA01B044F5500DB8491 /* NSString+Hash.m in Sources */,
				429240861AD94CAE00D4F152 /* SESettingViewController.m in Sources */,
				42826F811B044F1A00DB8491 /* SESideMenu.m in Sources */,
				42826F831B044F1A00DB8491 /* SESideMenuSectionCell.m in Sources */,
				42B7A9101ADF2FB2001B4D25 /* ROLHomeController.swift in Sources */,
				4297CAC11AE22DA90023AA6A /* ROLQuestionCell.swift in Sources */,
				42B781351AE4E8820095DED5 /* ROLLoginController.swift in Sources */,
				42826F9F1B044F5500DB8491 /* NSArray+SELog.m in Sources */,
				422586BE1ADA9BE5009EC220 /* ROLMoreController.swift in Sources */,
				42826FA71B044F5500DB8491 /* UIScreen+SE.m in Sources */,
				42B7812E1AE4DB2E0095DED5 /* ROLNeedToLoginCell.swift in Sources */,
				4292408E1AD94CAE00D4F152 /* SESettingCell.m in Sources */,
				42826FA61B044F5500DB8491 /* UIImage+SE.m in Sources */,
				42B7A91C1ADFA8FF001B4D25 /* ROLQuestionManager.swift in Sources */,
				429240891AD94CAE00D4F152 /* SESettingGroup.m in Sources */,
				421A3B991ADB61AB00F9A4A8 /* ROLMeProfileCell.swift in Sources */,
				429240941AD94E1F00D4F152 /* ROLTabBarController.swift in Sources */,
				421AF79E1AE62E27003B7AB7 /* ROLMineController.swift in Sources */,
				4292408D1AD94CAE00D4F152 /* SEBadgeButton.m in Sources */,
				42826F9E1B044F5500DB8491 /* Colours.m in Sources */,
				42826FA81B044F5500DB8491 /* UITextField+SE.m in Sources */,
				42826FA31B044F5500DB8491 /* UIBarButtonItem+SE.m in Sources */,
				4297CAC61AE241F70023AA6A /* ROLQuestion.swift in Sources */,
				42FCF7B01ADC031E00E18089 /* ROLProfileDetailController.swift in Sources */,
				42826FA91B044F5500DB8491 /* UIView+SE.m in Sources */,
				42B781381AE4F57D0095DED5 /* ROLStringTool.swift in Sources */,
				4297CABC1AE2003A0023AA6A /* ROLQuestionareController.swift in Sources */,
				4292409A1AD94E8800D4F152 /* ROLMeController.swift in Sources */,
				4217B3591AE3A169000FA69B /* ROLAnswer.swift in Sources */,
				429240881AD94CAE00D4F152 /* SESettingArrowItem.m in Sources */,
				42B7812B1AE4D78C0095DED5 /* ROLUserInfoManager.swift in Sources */,
				4297CAC41AE22DE90023AA6A /* ROLCellIdentifiers.swift in Sources */,
				429240961AD94E3700D4F152 /* ROLNavigationController.swift in Sources */,
				42826FA11B044F5500DB8491 /* NSString+SE.m in Sources */,
				4292408B1AD94CAE00D4F152 /* SESettingLabelItem.m in Sources */,
				4292408A1AD94CAE00D4F152 /* SESettingItem.m in Sources */,
				4292408C1AD94CAE00D4F152 /* SESettingSwitchItem.m in Sources */,
				42826F821B044F1A00DB8491 /* SESideMenuSection.m in Sources */,
			);
			runOnlyForDeploymentPostprocessing = 0;
		};
		422328A91AD8BDDF0008EB80 /* Sources */ = {
			isa = PBXSourcesBuildPhase;
			buildActionMask = 2147483647;
			files = (
				422328B41AD8BDDF0008EB80 /* ResearchOLTests.swift in Sources */,
			);
			runOnlyForDeploymentPostprocessing = 0;
		};
/* End PBXSourcesBuildPhase section */

/* Begin PBXTargetDependency section */
		422328AF1AD8BDDF0008EB80 /* PBXTargetDependency */ = {
			isa = PBXTargetDependency;
			target = 422328971AD8BDDF0008EB80 /* ResearchOL */;
			targetProxy = 422328AE1AD8BDDF0008EB80 /* PBXContainerItemProxy */;
		};
/* End PBXTargetDependency section */

/* Begin PBXVariantGroup section */
		422328A11AD8BDDF0008EB80 /* Main.storyboard */ = {
			isa = PBXVariantGroup;
			children = (
				422328A21AD8BDDF0008EB80 /* Base */,
			);
			name = Main.storyboard;
			path = .;
			sourceTree = "<group>";
		};
		422328A61AD8BDDF0008EB80 /* LaunchScreen.xib */ = {
			isa = PBXVariantGroup;
			children = (
				422328A71AD8BDDF0008EB80 /* Base */,
			);
			name = LaunchScreen.xib;
			path = .;
			sourceTree = "<group>";
		};
/* End PBXVariantGroup section */

/* Begin XCBuildConfiguration section */
		422328B51AD8BDDF0008EB80 /* Debug */ = {
			isa = XCBuildConfiguration;
			buildSettings = {
				ALWAYS_SEARCH_USER_PATHS = NO;
				CLANG_CXX_LANGUAGE_STANDARD = "gnu++0x";
				CLANG_CXX_LIBRARY = "libc++";
				CLANG_ENABLE_MODULES = YES;
				CLANG_ENABLE_OBJC_ARC = YES;
				CLANG_WARN_BOOL_CONVERSION = YES;
				CLANG_WARN_CONSTANT_CONVERSION = YES;
				CLANG_WARN_DIRECT_OBJC_ISA_USAGE = YES_ERROR;
				CLANG_WARN_EMPTY_BODY = YES;
				CLANG_WARN_ENUM_CONVERSION = YES;
				CLANG_WARN_INT_CONVERSION = YES;
				CLANG_WARN_OBJC_ROOT_CLASS = YES_ERROR;
				CLANG_WARN_UNREACHABLE_CODE = YES;
				CLANG_WARN__DUPLICATE_METHOD_MATCH = YES;
				"CODE_SIGN_IDENTITY[sdk=iphoneos*]" = "iPhone Developer";
				COPY_PHASE_STRIP = NO;
				ENABLE_STRICT_OBJC_MSGSEND = YES;
				GCC_C_LANGUAGE_STANDARD = gnu99;
				GCC_DYNAMIC_NO_PIC = NO;
				GCC_OPTIMIZATION_LEVEL = 0;
				GCC_PREPROCESSOR_DEFINITIONS = (
					"DEBUG=1",
					"$(inherited)",
				);
				GCC_SYMBOLS_PRIVATE_EXTERN = NO;
				GCC_WARN_64_TO_32_BIT_CONVERSION = YES;
				GCC_WARN_ABOUT_RETURN_TYPE = YES_ERROR;
				GCC_WARN_UNDECLARED_SELECTOR = YES;
				GCC_WARN_UNINITIALIZED_AUTOS = YES_AGGRESSIVE;
				GCC_WARN_UNUSED_FUNCTION = YES;
				GCC_WARN_UNUSED_VARIABLE = YES;
				IPHONEOS_DEPLOYMENT_TARGET = 8.0;
				MTL_ENABLE_DEBUG_INFO = YES;
				ONLY_ACTIVE_ARCH = YES;
				SDKROOT = iphoneos;
				SWIFT_OPTIMIZATION_LEVEL = "-Onone";
				TARGETED_DEVICE_FAMILY = "1,2";
			};
			name = Debug;
		};
		422328B61AD8BDDF0008EB80 /* Release */ = {
			isa = XCBuildConfiguration;
			buildSettings = {
				ALWAYS_SEARCH_USER_PATHS = NO;
				CLANG_CXX_LANGUAGE_STANDARD = "gnu++0x";
				CLANG_CXX_LIBRARY = "libc++";
				CLANG_ENABLE_MODULES = YES;
				CLANG_ENABLE_OBJC_ARC = YES;
				CLANG_WARN_BOOL_CONVERSION = YES;
				CLANG_WARN_CONSTANT_CONVERSION = YES;
				CLANG_WARN_DIRECT_OBJC_ISA_USAGE = YES_ERROR;
				CLANG_WARN_EMPTY_BODY = YES;
				CLANG_WARN_ENUM_CONVERSION = YES;
				CLANG_WARN_INT_CONVERSION = YES;
				CLANG_WARN_OBJC_ROOT_CLASS = YES_ERROR;
				CLANG_WARN_UNREACHABLE_CODE = YES;
				CLANG_WARN__DUPLICATE_METHOD_MATCH = YES;
				"CODE_SIGN_IDENTITY[sdk=iphoneos*]" = "iPhone Developer";
				COPY_PHASE_STRIP = NO;
				ENABLE_NS_ASSERTIONS = NO;
				ENABLE_STRICT_OBJC_MSGSEND = YES;
				GCC_C_LANGUAGE_STANDARD = gnu99;
				GCC_WARN_64_TO_32_BIT_CONVERSION = YES;
				GCC_WARN_ABOUT_RETURN_TYPE = YES_ERROR;
				GCC_WARN_UNDECLARED_SELECTOR = YES;
				GCC_WARN_UNINITIALIZED_AUTOS = YES_AGGRESSIVE;
				GCC_WARN_UNUSED_FUNCTION = YES;
				GCC_WARN_UNUSED_VARIABLE = YES;
				IPHONEOS_DEPLOYMENT_TARGET = 8.0;
				MTL_ENABLE_DEBUG_INFO = NO;
				SDKROOT = iphoneos;
				TARGETED_DEVICE_FAMILY = "1,2";
				VALIDATE_PRODUCT = YES;
			};
			name = Release;
		};
		422328B81AD8BDDF0008EB80 /* Debug */ = {
			isa = XCBuildConfiguration;
			baseConfigurationReference = E312773B3F32660CEE8D6BFB /* Pods.debug.xcconfig */;
			buildSettings = {
				ASSETCATALOG_COMPILER_APPICON_NAME = AppIcon;
				INFOPLIST_FILE = "ResearchOL/Supporting Files/Info.plist";
				IPHONEOS_DEPLOYMENT_TARGET = 8.0;
				LD_RUNPATH_SEARCH_PATHS = "$(inherited) @executable_path/Frameworks";
				PRODUCT_NAME = "$(TARGET_NAME)";
				SWIFT_OBJC_BRIDGING_HEADER = "ResearchOL/Supporting Files/ResearchOL-Bridging-Header.h";
			};
			name = Debug;
		};
		422328B91AD8BDDF0008EB80 /* Release */ = {
			isa = XCBuildConfiguration;
			baseConfigurationReference = 64718FA09A66E54D503A24E2 /* Pods.release.xcconfig */;
			buildSettings = {
				ASSETCATALOG_COMPILER_APPICON_NAME = AppIcon;
				INFOPLIST_FILE = "ResearchOL/Supporting Files/Info.plist";
				IPHONEOS_DEPLOYMENT_TARGET = 8.0;
				LD_RUNPATH_SEARCH_PATHS = "$(inherited) @executable_path/Frameworks";
				PRODUCT_NAME = "$(TARGET_NAME)";
				SWIFT_OBJC_BRIDGING_HEADER = "ResearchOL/Supporting Files/ResearchOL-Bridging-Header.h";
			};
			name = Release;
		};
		422328BB1AD8BDDF0008EB80 /* Debug */ = {
			isa = XCBuildConfiguration;
			buildSettings = {
				BUNDLE_LOADER = "$(TEST_HOST)";
				FRAMEWORK_SEARCH_PATHS = (
					"$(SDKROOT)/Developer/Library/Frameworks",
					"$(inherited)",
				);
				GCC_PREPROCESSOR_DEFINITIONS = (
					"DEBUG=1",
					"$(inherited)",
				);
				INFOPLIST_FILE = "ResearchOLTests/Supporting Files/Info.plist";
				LD_RUNPATH_SEARCH_PATHS = "$(inherited) @executable_path/Frameworks @loader_path/Frameworks";
				PRODUCT_NAME = "$(TARGET_NAME)";
				TEST_HOST = "$(BUILT_PRODUCTS_DIR)/ResearchOL.app/ResearchOL";
			};
			name = Debug;
		};
		422328BC1AD8BDDF0008EB80 /* Release */ = {
			isa = XCBuildConfiguration;
			buildSettings = {
				BUNDLE_LOADER = "$(TEST_HOST)";
				FRAMEWORK_SEARCH_PATHS = (
					"$(SDKROOT)/Developer/Library/Frameworks",
					"$(inherited)",
				);
				INFOPLIST_FILE = "ResearchOLTests/Supporting Files/Info.plist";
				LD_RUNPATH_SEARCH_PATHS = "$(inherited) @executable_path/Frameworks @loader_path/Frameworks";
				PRODUCT_NAME = "$(TARGET_NAME)";
				TEST_HOST = "$(BUILT_PRODUCTS_DIR)/ResearchOL.app/ResearchOL";
			};
			name = Release;
		};
/* End XCBuildConfiguration section */

/* Begin XCConfigurationList section */
		422328931AD8BDDF0008EB80 /* Build configuration list for PBXProject "ResearchOL" */ = {
			isa = XCConfigurationList;
			buildConfigurations = (
				422328B51AD8BDDF0008EB80 /* Debug */,
				422328B61AD8BDDF0008EB80 /* Release */,
			);
			defaultConfigurationIsVisible = 0;
			defaultConfigurationName = Release;
		};
		422328B71AD8BDDF0008EB80 /* Build configuration list for PBXNativeTarget "ResearchOL" */ = {
			isa = XCConfigurationList;
			buildConfigurations = (
				422328B81AD8BDDF0008EB80 /* Debug */,
				422328B91AD8BDDF0008EB80 /* Release */,
			);
			defaultConfigurationIsVisible = 0;
			defaultConfigurationName = Release;
		};
		422328BA1AD8BDDF0008EB80 /* Build configuration list for PBXNativeTarget "ResearchOLTests" */ = {
			isa = XCConfigurationList;
			buildConfigurations = (
				422328BB1AD8BDDF0008EB80 /* Debug */,
				422328BC1AD8BDDF0008EB80 /* Release */,
			);
			defaultConfigurationIsVisible = 0;
			defaultConfigurationName = Release;
		};
/* End XCConfigurationList section */
	};
	rootObject = 422328901AD8BDDF0008EB80 /* Project object */;
}
